
Microsoft Visual Studio Solution File, Format Version 12.00
# Visual Studio Version 17
VisualStudioVersion = 17.6.33815.320
MinimumVisualStudioVersion = 10.0.40219.1
Project("{FAE04EC0-301F-11D3-BF4B-00C04F79EFBC}") = "SilverCarRental", "SilverCarRental\SilverCarRental.csproj", "{21645039-EF37-4E8B-9DA6-B913CFA3FE03}"
EndProject
Project("{2150E333-8FDC-42A3-9474-1A3956D46DE8}") = "Domain", "Domain", "{61A42F22-C91C-4BE2-AC88-07C60659E374}"
EndProject
Project("{2150E333-8FDC-42A3-9474-1A3956D46DE8}") = "Infrastructure", "Infrastructure", "{481BF8E6-0E93-4495-A75A-19CEAD88AA42}"
EndProject
Project("{FAE04EC0-301F-11D3-BF4B-00C04F79EFBC}") = "SilverCarRental.Entities", "SilverCarRental.Entities\SilverCarRental.Entities.csproj", "{A9DFB274-575E-4A5F-92F4-202D9ED03F4A}"
EndProject
Project("{FAE04EC0-301F-11D3-BF4B-00C04F79EFBC}") = "SilverCarRental.TempDatabase", "SilverCarRental.TempDatabase\SilverCarRental.TempDatabase.csproj", "{7CD4CF0F-551D-48C7-AF15-F590F6D7581C}"
EndProject
Global
	GlobalSection(SolutionConfigurationPlatforms) = preSolution
		Debug|Any CPU = Debug|Any CPU
		Release|Any CPU = Release|Any CPU
	EndGlobalSection
	GlobalSection(ProjectConfigurationPlatforms) = postSolution
		{21645039-EF37-4E8B-9DA6-B913CFA3FE03}.Debug|Any CPU.ActiveCfg = Debug|Any CPU
		{21645039-EF37-4E8B-9DA6-B913CFA3FE03}.Debug|Any CPU.Build.0 = Debug|Any CPU
		{21645039-EF37-4E8B-9DA6-B913CFA3FE03}.Release|Any CPU.ActiveCfg = Release|Any CPU
		{21645039-EF37-4E8B-9DA6-B913CFA3FE03}.Release|Any CPU.Build.0 = Release|Any CPU
		{A9DFB274-575E-4A5F-92F4-202D9ED03F4A}.Debug|Any CPU.ActiveCfg = Debug|Any CPU
		{A9DFB274-575E-4A5F-92F4-202D9ED03F4A}.Debug|Any CPU.Build.0 = Debug|Any CPU
		{A9DFB274-575E-4A5F-92F4-202D9ED03F4A}.Release|Any CPU.ActiveCfg = Release|Any CPU
		{A9DFB274-575E-4A5F-92F4-202D9ED03F4A}.Release|Any CPU.Build.0 = Release|Any CPU
		{7CD4CF0F-551D-48C7-AF15-F590F6D7581C}.Debug|Any CPU.ActiveCfg = Debug|Any CPU
		{7CD4CF0F-551D-48C7-AF15-F590F6D7581C}.Debug|Any CPU.Build.0 = Debug|Any CPU
		{7CD4CF0F-551D-48C7-AF15-F590F6D7581C}.Release|Any CPU.ActiveCfg = Release|Any CPU
		{7CD4CF0F-551D-48C7-AF15-F590F6D7581C}.Release|Any CPU.Build.0 = Release|Any CPU
	EndGlobalSection
	GlobalSection(SolutionProperties) = preSolution
		HideSolutionNode = FALSE
	EndGlobalSection
	GlobalSection(NestedProjects) = preSolution
		{A9DFB274-575E-4A5F-92F4-202D9ED03F4A} = {61A42F22-C91C-4BE2-AC88-07C60659E374}
		{7CD4CF0F-551D-48C7-AF15-F590F6D7581C} = {481BF8E6-0E93-4495-A75A-19CEAD88AA42}
	EndGlobalSection
	GlobalSection(ExtensibilityGlobals) = postSolution
		SolutionGuid = {36A009B6-8F01-4EC3-828A-2BA1C5585FD2}
	EndGlobalSection
EndGlobal
